
Microsoft Visual Studio Solution File, Format Version 12.00
# Visual Studio Version 16
VisualStudioVersion = 16.0.31129.286
MinimumVisualStudioVersion = 10.0.40219.1
Project("{9A19103F-16F7-4668-BE54-9A1E7A4F7556}") = "DataStructures", "DataStructures.csproj", "{130A4D6C-D604-42FB-86AF-E0BECB6B4E5A}"
EndProject
Global
	GlobalSection(SolutionConfigurationPlatforms) = preSolution
		Debug|Any CPU = Debug|Any CPU
		Release|Any CPU = Release|Any CPU
	EndGlobalSection
	GlobalSection(ProjectConfigurationPlatforms) = postSolution
		{130A4D6C-D604-42FB-86AF-E0BECB6B4E5A}.Debug|Any CPU.ActiveCfg = Debug|Any CPU
		{130A4D6C-D604-42FB-86AF-E0BECB6B4E5A}.Debug|Any CPU.Build.0 = Debug|Any CPU
		{130A4D6C-D604-42FB-86AF-E0BECB6B4E5A}.Release|Any CPU.ActiveCfg = Release|Any CPU
		{130A4D6C-D604-42FB-86AF-E0BECB6B4E5A}.Release|Any CPU.Build.0 = Release|Any CPU
	EndGlobalSection
	GlobalSection(SolutionProperties) = preSolution
		HideSolutionNode = FALSE
	EndGlobalSection
	GlobalSection(ExtensibilityGlobals) = postSolution
		SolutionGuid = {E62F5D30-F966-4EAF-BC62-087DAA0332DD}
	EndGlobalSection
EndGlobal
